
Microsoft Visual Studio Solution File, Format Version 12.00
# Visual Studio Version 16
VisualStudioVersion = 16.0.30907.101
MinimumVisualStudioVersion = 10.0.40219.1
Project("{FAE04EC0-301F-11D3-BF4B-00C04F79EFBC}") = "WebAppUsers", "WebAppUsers\WebAppUsers.csproj", "{A19FDA44-EB7F-4D9C-B07E-D2B1FDFFD919}"
EndProject
Global
	GlobalSection(SolutionConfigurationPlatforms) = preSolution
		Debug|Any CPU = Debug|Any CPU
		Release|Any CPU = Release|Any CPU
	EndGlobalSection
	GlobalSection(ProjectConfigurationPlatforms) = postSolution
		{A19FDA44-EB7F-4D9C-B07E-D2B1FDFFD919}.Debug|Any CPU.ActiveCfg = Debug|Any CPU
		{A19FDA44-EB7F-4D9C-B07E-D2B1FDFFD919}.Debug|Any CPU.Build.0 = Debug|Any CPU
		{A19FDA44-EB7F-4D9C-B07E-D2B1FDFFD919}.Release|Any CPU.ActiveCfg = Release|Any CPU
		{A19FDA44-EB7F-4D9C-B07E-D2B1FDFFD919}.Release|Any CPU.Build.0 = Release|Any CPU
	EndGlobalSection
	GlobalSection(SolutionProperties) = preSolution
		HideSolutionNode = FALSE
	EndGlobalSection
	GlobalSection(ExtensibilityGlobals) = postSolution
		SolutionGuid = {607C5843-E96A-4EF3-987F-6E4554FDCDC7}
	EndGlobalSection
EndGlobal
